
Microsoft Visual Studio Solution File, Format Version 12.00
# Visual Studio 15
VisualStudioVersion = 15.0.25428.1
MinimumVisualStudioVersion = 10.0.40219.1
Project("{FAE04EC0-301F-11D3-BF4B-00C04F79EFBC}") = "EliteJournalReader", "EliteJournalReader\EliteJournalReader.csproj", "{7790285B-E2EE-440B-8EA6-D27BBE6006D9}"
EndProject
Project("{FAE04EC0-301F-11D3-BF4B-00C04F79EFBC}") = "EliteJournalFeedTester", "EliteJournalFeedTester\EliteJournalFeedTester.csproj", "{C2055E40-60FF-4B3A-873A-97DFCA9FC7B3}"
EndProject
Project("{2150E333-8FDC-42A3-9474-1A3956D46DE8}") = "Documentation and Examples", "Documentation and Examples", "{DA312AA3-B78C-4A19-B264-665019D60E96}"
	ProjectSection(SolutionItems) = preProject
		Docs&Examples\Journal.160722102509.01.log = Docs&Examples\Journal.160722102509.01.log
		Docs&Examples\Journal_Manual.doc = Docs&Examples\Journal_Manual.doc
	EndProjectSection
EndProject
Global
	GlobalSection(SolutionConfigurationPlatforms) = preSolution
		Debug|Any CPU = Debug|Any CPU
		Release|Any CPU = Release|Any CPU
	EndGlobalSection
	GlobalSection(ProjectConfigurationPlatforms) = postSolution
		{7790285B-E2EE-440B-8EA6-D27BBE6006D9}.Debug|Any CPU.ActiveCfg = Debug|Any CPU
		{7790285B-E2EE-440B-8EA6-D27BBE6006D9}.Debug|Any CPU.Build.0 = Debug|Any CPU
		{7790285B-E2EE-440B-8EA6-D27BBE6006D9}.Release|Any CPU.ActiveCfg = Release|Any CPU
		{7790285B-E2EE-440B-8EA6-D27BBE6006D9}.Release|Any CPU.Build.0 = Release|Any CPU
		{C2055E40-60FF-4B3A-873A-97DFCA9FC7B3}.Debug|Any CPU.ActiveCfg = Debug|Any CPU
		{C2055E40-60FF-4B3A-873A-97DFCA9FC7B3}.Debug|Any CPU.Build.0 = Debug|Any CPU
		{C2055E40-60FF-4B3A-873A-97DFCA9FC7B3}.Release|Any CPU.ActiveCfg = Release|Any CPU
		{C2055E40-60FF-4B3A-873A-97DFCA9FC7B3}.Release|Any CPU.Build.0 = Release|Any CPU
	EndGlobalSection
	GlobalSection(SolutionProperties) = preSolution
		HideSolutionNode = FALSE
	EndGlobalSection
EndGlobal
